
Microsoft Visual Studio Solution File, Format Version 12.00
# Visual Studio Version 17
VisualStudioVersion = 17.10.34928.147
MinimumVisualStudioVersion = 10.0.40219.1
Project("{9A19103F-16F7-4668-BE54-9A1E7A4F7556}") = "DebugProducer", "DebugProducer\DebugProducer.csproj", "{A14E9658-6C63-40FF-9893-2077D3B3A38D}"
EndProject
Global
	GlobalSection(SolutionConfigurationPlatforms) = preSolution
		Debug|Any CPU = Debug|Any CPU
		Release|Any CPU = Release|Any CPU
	EndGlobalSection
	GlobalSection(ProjectConfigurationPlatforms) = postSolution
		{A14E9658-6C63-40FF-9893-2077D3B3A38D}.Debug|Any CPU.ActiveCfg = Debug|Any CPU
		{A14E9658-6C63-40FF-9893-2077D3B3A38D}.Debug|Any CPU.Build.0 = Debug|Any CPU
		{A14E9658-6C63-40FF-9893-2077D3B3A38D}.Release|Any CPU.ActiveCfg = Release|Any CPU
		{A14E9658-6C63-40FF-9893-2077D3B3A38D}.Release|Any CPU.Build.0 = Release|Any CPU
	EndGlobalSection
	GlobalSection(SolutionProperties) = preSolution
		HideSolutionNode = FALSE
	EndGlobalSection
	GlobalSection(ExtensibilityGlobals) = postSolution
		SolutionGuid = {2F6E084B-4BD8-44B8-A3A3-50A4848DCF6C}
	EndGlobalSection
EndGlobal
