
Microsoft Visual Studio Solution File, Format Version 12.00
# Visual Studio Version 17
VisualStudioVersion = 17.12.35527.113
MinimumVisualStudioVersion = 10.0.40219.1
Project("{2150E333-8FDC-42A3-9474-1A3956D46DE8}") = "src", "src", "{A5DC36E4-81AA-4330-B605-12DEFF93D4C3}"
EndProject
Project("{FAE04EC0-301F-11D3-BF4B-00C04F79EFBC}") = "ZipperAPI", "src\ZipperAPI\ZipperAPI.csproj", "{0E660E4D-7C8A-48A5-850C-B35088A9F3CF}"
EndProject
Project("{FAE04EC0-301F-11D3-BF4B-00C04F79EFBC}") = "ZipperAPI.Tests", "src\ZipperAPI.Tests\ZipperAPI.Tests.csproj", "{43BF76D7-0C6C-46BB-8C75-7B5B19910235}"
EndProject
Project("{FAE04EC0-301F-11D3-BF4B-00C04F79EFBC}") = "ZipperAPI.Database", "src\ZipperAPI.Database\ZipperAPI.Database.csproj", "{521FB50C-573E-4D66-B3EE-DDD9DE5CAC6B}"
EndProject
Global
	GlobalSection(SolutionConfigurationPlatforms) = preSolution
		Debug|Any CPU = Debug|Any CPU
		Release|Any CPU = Release|Any CPU
	EndGlobalSection
	GlobalSection(ProjectConfigurationPlatforms) = postSolution
		{0E660E4D-7C8A-48A5-850C-B35088A9F3CF}.Debug|Any CPU.ActiveCfg = Debug|Any CPU
		{0E660E4D-7C8A-48A5-850C-B35088A9F3CF}.Debug|Any CPU.Build.0 = Debug|Any CPU
		{0E660E4D-7C8A-48A5-850C-B35088A9F3CF}.Release|Any CPU.ActiveCfg = Release|Any CPU
		{0E660E4D-7C8A-48A5-850C-B35088A9F3CF}.Release|Any CPU.Build.0 = Release|Any CPU
		{43BF76D7-0C6C-46BB-8C75-7B5B19910235}.Debug|Any CPU.ActiveCfg = Debug|Any CPU
		{43BF76D7-0C6C-46BB-8C75-7B5B19910235}.Debug|Any CPU.Build.0 = Debug|Any CPU
		{43BF76D7-0C6C-46BB-8C75-7B5B19910235}.Release|Any CPU.ActiveCfg = Release|Any CPU
		{43BF76D7-0C6C-46BB-8C75-7B5B19910235}.Release|Any CPU.Build.0 = Release|Any CPU
		{521FB50C-573E-4D66-B3EE-DDD9DE5CAC6B}.Debug|Any CPU.ActiveCfg = Debug|Any CPU
		{521FB50C-573E-4D66-B3EE-DDD9DE5CAC6B}.Debug|Any CPU.Build.0 = Debug|Any CPU
		{521FB50C-573E-4D66-B3EE-DDD9DE5CAC6B}.Release|Any CPU.ActiveCfg = Release|Any CPU
		{521FB50C-573E-4D66-B3EE-DDD9DE5CAC6B}.Release|Any CPU.Build.0 = Release|Any CPU
	EndGlobalSection
	GlobalSection(SolutionProperties) = preSolution
		HideSolutionNode = FALSE
	EndGlobalSection
	GlobalSection(NestedProjects) = preSolution
		{0E660E4D-7C8A-48A5-850C-B35088A9F3CF} = {A5DC36E4-81AA-4330-B605-12DEFF93D4C3}
		{43BF76D7-0C6C-46BB-8C75-7B5B19910235} = {A5DC36E4-81AA-4330-B605-12DEFF93D4C3}
		{521FB50C-573E-4D66-B3EE-DDD9DE5CAC6B} = {A5DC36E4-81AA-4330-B605-12DEFF93D4C3}
	EndGlobalSection
EndGlobal
