
Microsoft Visual Studio Solution File, Format Version 12.00
# Visual Studio Version 17
VisualStudioVersion = 17.10.34928.147
MinimumVisualStudioVersion = 10.0.40219.1
Project("{FAE04EC0-301F-11D3-BF4B-00C04F79EFBC}") = "DebugConsumer", "DebugConsumer\DebugConsumer.csproj", "{8CAA927B-5556-4183-A3BC-0D72FB5F108B}"
EndProject
Global
	GlobalSection(SolutionConfigurationPlatforms) = preSolution
		Debug|Any CPU = Debug|Any CPU
		Release|Any CPU = Release|Any CPU
	EndGlobalSection
	GlobalSection(ProjectConfigurationPlatforms) = postSolution
		{8CAA927B-5556-4183-A3BC-0D72FB5F108B}.Debug|Any CPU.ActiveCfg = Debug|Any CPU
		{8CAA927B-5556-4183-A3BC-0D72FB5F108B}.Debug|Any CPU.Build.0 = Debug|Any CPU
		{8CAA927B-5556-4183-A3BC-0D72FB5F108B}.Release|Any CPU.ActiveCfg = Release|Any CPU
		{8CAA927B-5556-4183-A3BC-0D72FB5F108B}.Release|Any CPU.Build.0 = Release|Any CPU
	EndGlobalSection
	GlobalSection(SolutionProperties) = preSolution
		HideSolutionNode = FALSE
	EndGlobalSection
	GlobalSection(ExtensibilityGlobals) = postSolution
		SolutionGuid = {E5A7C583-3CEA-4332-8226-AB641F2D5108}
	EndGlobalSection
EndGlobal
