Microsoft Visual Studio Solution File, Format Version 12.00
# Visual Studio Version 17
VisualStudioVersion = 17.5.002.0
MinimumVisualStudioVersion = 10.0.40219.1
Project("{9A19103F-16F7-4668-BE54-9A1E7A4F7556}") = "TimeScaleDB", "src\Database\TimeScaleDB.csproj", "{F91F5727-E3E3-419E-8CFC-55CFDD0930FC}"
EndProject
Project("{9A19103F-16F7-4668-BE54-9A1E7A4F7556}") = "AlertDataProvider", "src\API\AlertDataProvider.csproj", "{55729766-6A1F-47CF-AE39-47679BE30A8A}"
EndProject
Project("{FAE04EC0-301F-11D3-BF4B-00C04F79EFBC}") = "HostedServices", "src\Workers\HostedServices.csproj", "{7EBB09AC-4DD3-4DBB-AF21-9EFB831CA62E}"
EndProject
Project("{FAE04EC0-301F-11D3-BF4B-00C04F79EFBC}") = "MetricGateway", "..\TrackSense.API.MetricGateway\src\Gateway\MetricGateway.csproj", "{87464B9E-CE66-4B0B-AEF1-4266EA6BF01D}"
EndProject
Global
	GlobalSection(SolutionConfigurationPlatforms) = preSolution
		Debug|Any CPU = Debug|Any CPU
		Release|Any CPU = Release|Any CPU
	EndGlobalSection
	GlobalSection(ProjectConfigurationPlatforms) = postSolution
		{F91F5727-E3E3-419E-8CFC-55CFDD0930FC}.Debug|Any CPU.ActiveCfg = Debug|Any CPU
		{F91F5727-E3E3-419E-8CFC-55CFDD0930FC}.Debug|Any CPU.Build.0 = Debug|Any CPU
		{F91F5727-E3E3-419E-8CFC-55CFDD0930FC}.Release|Any CPU.ActiveCfg = Release|Any CPU
		{F91F5727-E3E3-419E-8CFC-55CFDD0930FC}.Release|Any CPU.Build.0 = Release|Any CPU
		{55729766-6A1F-47CF-AE39-47679BE30A8A}.Debug|Any CPU.ActiveCfg = Debug|Any CPU
		{55729766-6A1F-47CF-AE39-47679BE30A8A}.Debug|Any CPU.Build.0 = Debug|Any CPU
		{55729766-6A1F-47CF-AE39-47679BE30A8A}.Release|Any CPU.ActiveCfg = Release|Any CPU
		{55729766-6A1F-47CF-AE39-47679BE30A8A}.Release|Any CPU.Build.0 = Release|Any CPU
		{7EBB09AC-4DD3-4DBB-AF21-9EFB831CA62E}.Debug|Any CPU.ActiveCfg = Debug|Any CPU
		{7EBB09AC-4DD3-4DBB-AF21-9EFB831CA62E}.Debug|Any CPU.Build.0 = Debug|Any CPU
		{7EBB09AC-4DD3-4DBB-AF21-9EFB831CA62E}.Release|Any CPU.ActiveCfg = Release|Any CPU
		{7EBB09AC-4DD3-4DBB-AF21-9EFB831CA62E}.Release|Any CPU.Build.0 = Release|Any CPU
		{87464B9E-CE66-4B0B-AEF1-4266EA6BF01D}.Debug|Any CPU.ActiveCfg = Debug|Any CPU
		{87464B9E-CE66-4B0B-AEF1-4266EA6BF01D}.Debug|Any CPU.Build.0 = Debug|Any CPU
		{87464B9E-CE66-4B0B-AEF1-4266EA6BF01D}.Release|Any CPU.ActiveCfg = Release|Any CPU
		{87464B9E-CE66-4B0B-AEF1-4266EA6BF01D}.Release|Any CPU.Build.0 = Release|Any CPU
	EndGlobalSection
	GlobalSection(SolutionProperties) = preSolution
		HideSolutionNode = FALSE
	EndGlobalSection
	GlobalSection(ExtensibilityGlobals) = postSolution
		SolutionGuid = {6FE857E8-84A7-435C-B62D-DA38B67EE854}
	EndGlobalSection
EndGlobal
