
Microsoft Visual Studio Solution File, Format Version 12.00
# Visual Studio Version 17
VisualStudioVersion = 17.12.35527.113
MinimumVisualStudioVersion = 10.0.40219.1
Project("{2150E333-8FDC-42A3-9474-1A3956D46DE8}") = "src", "src", "{12633F51-BE96-4690-B343-FEB4864F95E2}"
EndProject
Project("{FAE04EC0-301F-11D3-BF4B-00C04F79EFBC}") = "SimpleIOExe", "src\SimpleIOExe\SimpleIOExe.csproj", "{DE374E37-236D-4B71-B009-A3DB18986571}"
EndProject
Project("{FAE04EC0-301F-11D3-BF4B-00C04F79EFBC}") = "SimpleIOExe.Tests", "src\SimpleIOExe.Tests\SimpleIOExe.Tests.csproj", "{CC4D1EA0-12C8-47FE-8156-0B9F47AC46D6}"
EndProject
Global
	GlobalSection(SolutionConfigurationPlatforms) = preSolution
		Debug|Any CPU = Debug|Any CPU
		Release|Any CPU = Release|Any CPU
	EndGlobalSection
	GlobalSection(ProjectConfigurationPlatforms) = postSolution
		{DE374E37-236D-4B71-B009-A3DB18986571}.Debug|Any CPU.ActiveCfg = Debug|Any CPU
		{DE374E37-236D-4B71-B009-A3DB18986571}.Debug|Any CPU.Build.0 = Debug|Any CPU
		{DE374E37-236D-4B71-B009-A3DB18986571}.Release|Any CPU.ActiveCfg = Release|Any CPU
		{DE374E37-236D-4B71-B009-A3DB18986571}.Release|Any CPU.Build.0 = Release|Any CPU
		{CC4D1EA0-12C8-47FE-8156-0B9F47AC46D6}.Debug|Any CPU.ActiveCfg = Debug|Any CPU
		{CC4D1EA0-12C8-47FE-8156-0B9F47AC46D6}.Debug|Any CPU.Build.0 = Debug|Any CPU
		{CC4D1EA0-12C8-47FE-8156-0B9F47AC46D6}.Release|Any CPU.ActiveCfg = Release|Any CPU
		{CC4D1EA0-12C8-47FE-8156-0B9F47AC46D6}.Release|Any CPU.Build.0 = Release|Any CPU
	EndGlobalSection
	GlobalSection(SolutionProperties) = preSolution
		HideSolutionNode = FALSE
	EndGlobalSection
	GlobalSection(NestedProjects) = preSolution
		{DE374E37-236D-4B71-B009-A3DB18986571} = {12633F51-BE96-4690-B343-FEB4864F95E2}
		{CC4D1EA0-12C8-47FE-8156-0B9F47AC46D6} = {12633F51-BE96-4690-B343-FEB4864F95E2}
	EndGlobalSection
EndGlobal
